
Microsoft Visual Studio Solution File, Format Version 12.00
# Visual Studio 15
Project("{FAE04EC0-301F-11D3-BF4B-00C04F79EFBC}") = "Assembly-CSharp", "Assembly-CSharp.csproj", "{165C9CED-57B2-87CF-9374-DBCA87AE4776}"
EndProject
Project("{FAE04EC0-301F-11D3-BF4B-00C04F79EFBC}") = "Assembly-CSharp-firstpass", "Assembly-CSharp-firstpass.csproj", "{6F553B30-478A-AE0B-DBC0-917647209F6A}"
EndProject
Project("{FAE04EC0-301F-11D3-BF4B-00C04F79EFBC}") = "Assembly-CSharp-Editor-firstpass", "Assembly-CSharp-Editor-firstpass.csproj", "{A7049EBE-AEA7-4164-5710-356049DCE68C}"
EndProject
Project("{FAE04EC0-301F-11D3-BF4B-00C04F79EFBC}") = "Assembly-CSharp-Editor", "Assembly-CSharp-Editor.csproj", "{D4C90504-A4D7-7F3B-4059-680659DDD0CD}"
EndProject
Global
	GlobalSection(SolutionConfigurationPlatforms) = preSolution
		Debug|Any CPU = Debug|Any CPU
		Release|Any CPU = Release|Any CPU
	EndGlobalSection
	GlobalSection(ProjectConfigurationPlatforms) = postSolution
		{165C9CED-57B2-87CF-9374-DBCA87AE4776}.Debug|Any CPU.ActiveCfg = Debug|Any CPU
		{165C9CED-57B2-87CF-9374-DBCA87AE4776}.Debug|Any CPU.Build.0 = Debug|Any CPU
		{165C9CED-57B2-87CF-9374-DBCA87AE4776}.Release|Any CPU.ActiveCfg = Release|Any CPU
		{165C9CED-57B2-87CF-9374-DBCA87AE4776}.Release|Any CPU.Build.0 = Release|Any CPU
		{6F553B30-478A-AE0B-DBC0-917647209F6A}.Debug|Any CPU.ActiveCfg = Debug|Any CPU
		{6F553B30-478A-AE0B-DBC0-917647209F6A}.Debug|Any CPU.Build.0 = Debug|Any CPU
		{6F553B30-478A-AE0B-DBC0-917647209F6A}.Release|Any CPU.ActiveCfg = Release|Any CPU
		{6F553B30-478A-AE0B-DBC0-917647209F6A}.Release|Any CPU.Build.0 = Release|Any CPU
		{A7049EBE-AEA7-4164-5710-356049DCE68C}.Debug|Any CPU.ActiveCfg = Debug|Any CPU
		{A7049EBE-AEA7-4164-5710-356049DCE68C}.Debug|Any CPU.Build.0 = Debug|Any CPU
		{A7049EBE-AEA7-4164-5710-356049DCE68C}.Release|Any CPU.ActiveCfg = Release|Any CPU
		{A7049EBE-AEA7-4164-5710-356049DCE68C}.Release|Any CPU.Build.0 = Release|Any CPU
		{D4C90504-A4D7-7F3B-4059-680659DDD0CD}.Debug|Any CPU.ActiveCfg = Debug|Any CPU
		{D4C90504-A4D7-7F3B-4059-680659DDD0CD}.Debug|Any CPU.Build.0 = Debug|Any CPU
		{D4C90504-A4D7-7F3B-4059-680659DDD0CD}.Release|Any CPU.ActiveCfg = Release|Any CPU
		{D4C90504-A4D7-7F3B-4059-680659DDD0CD}.Release|Any CPU.Build.0 = Release|Any CPU
	EndGlobalSection
	GlobalSection(SolutionProperties) = preSolution
		HideSolutionNode = FALSE
	EndGlobalSection
EndGlobal
